
Microsoft Visual Studio Solution File, Format Version 12.00
# Visual Studio Version 16
VisualStudioVersion = 16.0.29519.181
MinimumVisualStudioVersion = 10.0.40219.1
Project("{FAE04EC0-301F-11D3-BF4B-00C04F79EFBC}") = "WinFormsKeybinds", "WinFormsKeybinds\WinFormsKeybinds.csproj", "{01D4486A-D72A-421D-842F-AB35EF1CDFBB}"
EndProject
Project("{FAE04EC0-301F-11D3-BF4B-00C04F79EFBC}") = "WinFormsKeybindsUnitTests", "WinFormsKeybindsUnitTests\WinFormsKeybindsUnitTests.csproj", "{40430CD9-3948-4E85-9DDA-5E6E001BDF1E}"
EndProject
Global
	GlobalSection(SolutionConfigurationPlatforms) = preSolution
		Debug|Any CPU = Debug|Any CPU
		Release|Any CPU = Release|Any CPU
	EndGlobalSection
	GlobalSection(ProjectConfigurationPlatforms) = postSolution
		{01D4486A-D72A-421D-842F-AB35EF1CDFBB}.Debug|Any CPU.ActiveCfg = Debug|Any CPU
		{01D4486A-D72A-421D-842F-AB35EF1CDFBB}.Debug|Any CPU.Build.0 = Debug|Any CPU
		{01D4486A-D72A-421D-842F-AB35EF1CDFBB}.Release|Any CPU.ActiveCfg = Release|Any CPU
		{01D4486A-D72A-421D-842F-AB35EF1CDFBB}.Release|Any CPU.Build.0 = Release|Any CPU
		{40430CD9-3948-4E85-9DDA-5E6E001BDF1E}.Debug|Any CPU.ActiveCfg = Debug|Any CPU
		{40430CD9-3948-4E85-9DDA-5E6E001BDF1E}.Debug|Any CPU.Build.0 = Debug|Any CPU
		{40430CD9-3948-4E85-9DDA-5E6E001BDF1E}.Release|Any CPU.ActiveCfg = Release|Any CPU
		{40430CD9-3948-4E85-9DDA-5E6E001BDF1E}.Release|Any CPU.Build.0 = Release|Any CPU
	EndGlobalSection
	GlobalSection(SolutionProperties) = preSolution
		HideSolutionNode = FALSE
	EndGlobalSection
	GlobalSection(ExtensibilityGlobals) = postSolution
		SolutionGuid = {E1CA7649-2E6D-43B8-8DBC-AA1662160D3B}
	EndGlobalSection
EndGlobal
